
Microsoft Visual Studio Solution File, Format Version 12.00
# Visual Studio Version 17
VisualStudioVersion = 17.13.35931.197
MinimumVisualStudioVersion = 10.0.40219.1
Project("{FAE04EC0-301F-11D3-BF4B-00C04F79EFBC}") = "TravelOrganizer", "TravelOrganizer\TravelOrganizer.csproj", "{FE494F6C-7016-4F0C-A16D-D5ECDB1FBC79}"
EndProject
Project("{FAE04EC0-301F-11D3-BF4B-00C04F79EFBC}") = "TravelOrganizer.Client", "TravelOrganizer.Client\TravelOrganizer.Client.csproj", "{BDCE8759-E05F-4F71-B15F-BA228DCEB391}"
EndProject
Global
	GlobalSection(SolutionConfigurationPlatforms) = preSolution
		Debug|Any CPU = Debug|Any CPU
		Release|Any CPU = Release|Any CPU
	EndGlobalSection
	GlobalSection(ProjectConfigurationPlatforms) = postSolution
		{FE494F6C-7016-4F0C-A16D-D5ECDB1FBC79}.Debug|Any CPU.ActiveCfg = Debug|Any CPU
		{FE494F6C-7016-4F0C-A16D-D5ECDB1FBC79}.Debug|Any CPU.Build.0 = Debug|Any CPU
		{FE494F6C-7016-4F0C-A16D-D5ECDB1FBC79}.Release|Any CPU.ActiveCfg = Release|Any CPU
		{FE494F6C-7016-4F0C-A16D-D5ECDB1FBC79}.Release|Any CPU.Build.0 = Release|Any CPU
		{BDCE8759-E05F-4F71-B15F-BA228DCEB391}.Debug|Any CPU.ActiveCfg = Debug|Any CPU
		{BDCE8759-E05F-4F71-B15F-BA228DCEB391}.Debug|Any CPU.Build.0 = Debug|Any CPU
		{BDCE8759-E05F-4F71-B15F-BA228DCEB391}.Release|Any CPU.ActiveCfg = Release|Any CPU
		{BDCE8759-E05F-4F71-B15F-BA228DCEB391}.Release|Any CPU.Build.0 = Release|Any CPU
	EndGlobalSection
	GlobalSection(SolutionProperties) = preSolution
		HideSolutionNode = FALSE
	EndGlobalSection
	GlobalSection(ExtensibilityGlobals) = postSolution
		SolutionGuid = {0C705A68-5285-4B6C-933F-A948A8267F32}
	EndGlobalSection
EndGlobal
